
Microsoft Visual Studio Solution File, Format Version 12.00
# Visual Studio Version 17
VisualStudioVersion = 17.5.33516.290
MinimumVisualStudioVersion = 10.0.40219.1
Project("{FAE04EC0-301F-11D3-BF4B-00C04F79EFBC}") = "EldenRingHelper", "EldenRingHelper\EldenRingHelper.csproj", "{50E44C6E-B808-42BE-A5DD-75F546A2DC7D}"
EndProject
Project("{FAE04EC0-301F-11D3-BF4B-00C04F79EFBC}") = "MonsterFinder", "MonsterFinder\MonsterFinder.csproj", "{FF324410-760C-4F93-8739-99F0063A0948}"
EndProject
Project("{FAE04EC0-301F-11D3-BF4B-00C04F79EFBC}") = "MonsterFormatLib", "MonsterFormatLib\MonsterFormatLib.csproj", "{088795FE-FD11-41F5-AFB0-E3F133FCE394}"
EndProject
Project("{FAE04EC0-301F-11D3-BF4B-00C04F79EFBC}") = "RegularMonsterLib", "RegularMonsterLib\RegularMonsterLib.csproj", "{2567F42E-F6F2-45DC-97D9-3EF47C8B18EB}"
EndProject
Project("{FAE04EC0-301F-11D3-BF4B-00C04F79EFBC}") = "BossLib", "BossLib\BossLib.csproj", "{322DD9EA-3835-47B5-8DE9-3079BD72C92A}"
EndProject
Global
	GlobalSection(SolutionConfigurationPlatforms) = preSolution
		Debug|Any CPU = Debug|Any CPU
		Release|Any CPU = Release|Any CPU
	EndGlobalSection
	GlobalSection(ProjectConfigurationPlatforms) = postSolution
		{50E44C6E-B808-42BE-A5DD-75F546A2DC7D}.Debug|Any CPU.ActiveCfg = Debug|Any CPU
		{50E44C6E-B808-42BE-A5DD-75F546A2DC7D}.Debug|Any CPU.Build.0 = Debug|Any CPU
		{50E44C6E-B808-42BE-A5DD-75F546A2DC7D}.Release|Any CPU.ActiveCfg = Release|Any CPU
		{50E44C6E-B808-42BE-A5DD-75F546A2DC7D}.Release|Any CPU.Build.0 = Release|Any CPU
		{FF324410-760C-4F93-8739-99F0063A0948}.Debug|Any CPU.ActiveCfg = Debug|Any CPU
		{FF324410-760C-4F93-8739-99F0063A0948}.Debug|Any CPU.Build.0 = Debug|Any CPU
		{FF324410-760C-4F93-8739-99F0063A0948}.Release|Any CPU.ActiveCfg = Release|Any CPU
		{FF324410-760C-4F93-8739-99F0063A0948}.Release|Any CPU.Build.0 = Release|Any CPU
		{088795FE-FD11-41F5-AFB0-E3F133FCE394}.Debug|Any CPU.ActiveCfg = Debug|Any CPU
		{088795FE-FD11-41F5-AFB0-E3F133FCE394}.Debug|Any CPU.Build.0 = Debug|Any CPU
		{088795FE-FD11-41F5-AFB0-E3F133FCE394}.Release|Any CPU.ActiveCfg = Release|Any CPU
		{088795FE-FD11-41F5-AFB0-E3F133FCE394}.Release|Any CPU.Build.0 = Release|Any CPU
		{2567F42E-F6F2-45DC-97D9-3EF47C8B18EB}.Debug|Any CPU.ActiveCfg = Debug|Any CPU
		{2567F42E-F6F2-45DC-97D9-3EF47C8B18EB}.Debug|Any CPU.Build.0 = Debug|Any CPU
		{2567F42E-F6F2-45DC-97D9-3EF47C8B18EB}.Release|Any CPU.ActiveCfg = Release|Any CPU
		{2567F42E-F6F2-45DC-97D9-3EF47C8B18EB}.Release|Any CPU.Build.0 = Release|Any CPU
		{322DD9EA-3835-47B5-8DE9-3079BD72C92A}.Debug|Any CPU.ActiveCfg = Debug|Any CPU
		{322DD9EA-3835-47B5-8DE9-3079BD72C92A}.Debug|Any CPU.Build.0 = Debug|Any CPU
		{322DD9EA-3835-47B5-8DE9-3079BD72C92A}.Release|Any CPU.ActiveCfg = Release|Any CPU
		{322DD9EA-3835-47B5-8DE9-3079BD72C92A}.Release|Any CPU.Build.0 = Release|Any CPU
	EndGlobalSection
	GlobalSection(SolutionProperties) = preSolution
		HideSolutionNode = FALSE
	EndGlobalSection
	GlobalSection(ExtensibilityGlobals) = postSolution
		SolutionGuid = {DBD2DC26-E721-4471-9BF0-D55DDD861FEB}
	EndGlobalSection
EndGlobal
